
Microsoft Visual Studio Solution File, Format Version 12.00
# Visual Studio Version 17
VisualStudioVersion = 17.3.32825.248
MinimumVisualStudioVersion = 10.0.40219.1
Project("{8BC9CEB8-8B4A-11D0-8D11-00A0C91BC942}") = "NtDOOM", "NtDOOM\NtDOOM.vcxproj", "{4B5E7D18-9934-48E0-954A-091779A2BEF7}"
EndProject
Global
	GlobalSection(SolutionConfigurationPlatforms) = preSolution
		Debug|ARM64 = Debug|ARM64
		Debug|x64 = Debug|x64
		Release|ARM64 = Release|ARM64
		Release|x64 = Release|x64
	EndGlobalSection
	GlobalSection(ProjectConfigurationPlatforms) = postSolution
		{4B5E7D18-9934-48E0-954A-091779A2BEF7}.Debug|ARM64.ActiveCfg = Debug|ARM64
		{4B5E7D18-9934-48E0-954A-091779A2BEF7}.Debug|ARM64.Build.0 = Debug|ARM64
		{4B5E7D18-9934-48E0-954A-091779A2BEF7}.Debug|ARM64.Deploy.0 = Debug|ARM64
		{4B5E7D18-9934-48E0-954A-091779A2BEF7}.Debug|x64.ActiveCfg = Debug|x64
		{4B5E7D18-9934-48E0-954A-091779A2BEF7}.Debug|x64.Build.0 = Debug|x64
		{4B5E7D18-9934-48E0-954A-091779A2BEF7}.Debug|x64.Deploy.0 = Debug|x64
		{4B5E7D18-9934-48E0-954A-091779A2BEF7}.Release|ARM64.ActiveCfg = Release|ARM64
		{4B5E7D18-9934-48E0-954A-091779A2BEF7}.Release|ARM64.Build.0 = Release|ARM64
		{4B5E7D18-9934-48E0-954A-091779A2BEF7}.Release|ARM64.Deploy.0 = Release|ARM64
		{4B5E7D18-9934-48E0-954A-091779A2BEF7}.Release|x64.ActiveCfg = Release|x64
		{4B5E7D18-9934-48E0-954A-091779A2BEF7}.Release|x64.Build.0 = Release|x64
		{4B5E7D18-9934-48E0-954A-091779A2BEF7}.Release|x64.Deploy.0 = Release|x64
	EndGlobalSection
	GlobalSection(SolutionProperties) = preSolution
		HideSolutionNode = FALSE
	EndGlobalSection
	GlobalSection(ExtensibilityGlobals) = postSolution
		SolutionGuid = {CE53496E-DAFD-4DFD-AF4A-3BA7F3A21B13}
	EndGlobalSection
EndGlobal
